
Microsoft Visual Studio Solution File, Format Version 12.00
# Visual Studio Version 16
VisualStudioVersion = 16.0.31402.337
MinimumVisualStudioVersion = 10.0.40219.1
Project("{FAE04EC0-301F-11D3-BF4B-00C04F79EFBC}") = "MiPrimerApp", "MiPrimerApp\MiPrimerApp.csproj", "{C5454ACF-998F-4256-9AE6-B7BB49B2491D}"
EndProject
Global
	GlobalSection(SolutionConfigurationPlatforms) = preSolution
		Debug|Any CPU = Debug|Any CPU
		Release|Any CPU = Release|Any CPU
	EndGlobalSection
	GlobalSection(ProjectConfigurationPlatforms) = postSolution
		{C5454ACF-998F-4256-9AE6-B7BB49B2491D}.Debug|Any CPU.ActiveCfg = Debug|Any CPU
		{C5454ACF-998F-4256-9AE6-B7BB49B2491D}.Debug|Any CPU.Build.0 = Debug|Any CPU
		{C5454ACF-998F-4256-9AE6-B7BB49B2491D}.Release|Any CPU.ActiveCfg = Release|Any CPU
		{C5454ACF-998F-4256-9AE6-B7BB49B2491D}.Release|Any CPU.Build.0 = Release|Any CPU
	EndGlobalSection
	GlobalSection(SolutionProperties) = preSolution
		HideSolutionNode = FALSE
	EndGlobalSection
	GlobalSection(ExtensibilityGlobals) = postSolution
		SolutionGuid = {3B40A8A4-AB51-4FC4-9080-03A03FD5F5F8}
	EndGlobalSection
EndGlobal
